
Microsoft Visual Studio Solution File, Format Version 12.00
# Visual Studio Version 17
VisualStudioVersion = 17.11.35431.28
MinimumVisualStudioVersion = 10.0.40219.1
Project("{888888A0-9F3D-457C-B088-3A5042F75D52}") = "redhwan_exam", "redhwan_exam.pyproj", "{63451909-BEBE-403A-9041-6CDA15D84D03}"
EndProject
Global
	GlobalSection(SolutionConfigurationPlatforms) = preSolution
		Debug|Any CPU = Debug|Any CPU
		Release|Any CPU = Release|Any CPU
	EndGlobalSection
	GlobalSection(ProjectConfigurationPlatforms) = postSolution
		{63451909-BEBE-403A-9041-6CDA15D84D03}.Debug|Any CPU.ActiveCfg = Debug|Any CPU
		{63451909-BEBE-403A-9041-6CDA15D84D03}.Release|Any CPU.ActiveCfg = Release|Any CPU
	EndGlobalSection
	GlobalSection(SolutionProperties) = preSolution
		HideSolutionNode = FALSE
	EndGlobalSection
	GlobalSection(ExtensibilityGlobals) = postSolution
		SolutionGuid = {FC902923-94FD-4C05-A780-912DE70C08B2}
	EndGlobalSection
EndGlobal
